lockfileVersion: 5.4

importers:

  .:
    specifiers:
      '@types/node': ^18.7.15
    devDependencies:
      '@types/node': 18.7.15

  packages/core:
    specifiers:
      utils: workspace:^1.0.0
    dependencies:
      utils: link:../utils

packages:

  /@types/node/18.7.15:
    resolution: {integrity: sha512-XnjpaI8Bgc3eBag2Aw4t2Uj/49lLBSStHWfqKvIuXD7FIrZyMLWp8KuAFHAqxMZYTF9l08N1ctUn9YNybZJVmQ==, tarball: '@types/node/download/@types/node-18.7.15.tgz'}
    dev: true
